
Microsoft Visual Studio Solution File, Format Version 12.00
# Visual Studio 15
VisualStudioVersion = 15.0.27703.2000
MinimumVisualStudioVersion = 10.0.40219.1
Project("{FAE04EC0-301F-11D3-BF4B-00C04F79EFBC}") = "Hoopoe.GH", "Hoopoe.GH\Hoopoe.GH.csproj", "{66937AC7-A40B-4D3A-9D0A-AACBFEF29BDE}"
EndProject
Project("{2150E333-8FDC-42A3-9474-1A3956D46DE8}") = "Referenced", "Referenced", "{3BA24449-D0C8-41A9-AF6D-89308D234C5E}"
EndProject
Project("{FAE04EC0-301F-11D3-BF4B-00C04F79EFBC}") = "Hoopoe", "..\..\Aviary\Hoopoe\Hoopoe\Hoopoe.csproj", "{650F2DD8-0497-44CB-84C1-C3AAD03265DD}"
EndProject
Project("{FAE04EC0-301F-11D3-BF4B-00C04F79EFBC}") = "Wind", "..\..\Aviary\Wind\Wind\Wind.csproj", "{5B296BD0-780F-4E8A-A7FF-379F437B925A}"
EndProject
Global
	GlobalSection(SolutionConfigurationPlatforms) = preSolution
		Debug|Any CPU = Debug|Any CPU
		Release|Any CPU = Release|Any CPU
	EndGlobalSection
	GlobalSection(ProjectConfigurationPlatforms) = postSolution
		{66937AC7-A40B-4D3A-9D0A-AACBFEF29BDE}.Debug|Any CPU.ActiveCfg = Debug|Any CPU
		{66937AC7-A40B-4D3A-9D0A-AACBFEF29BDE}.Debug|Any CPU.Build.0 = Debug|Any CPU
		{66937AC7-A40B-4D3A-9D0A-AACBFEF29BDE}.Release|Any CPU.ActiveCfg = Release|Any CPU
		{66937AC7-A40B-4D3A-9D0A-AACBFEF29BDE}.Release|Any CPU.Build.0 = Release|Any CPU
		{650F2DD8-0497-44CB-84C1-C3AAD03265DD}.Debug|Any CPU.ActiveCfg = Debug|Any CPU
		{650F2DD8-0497-44CB-84C1-C3AAD03265DD}.Debug|Any CPU.Build.0 = Debug|Any CPU
		{650F2DD8-0497-44CB-84C1-C3AAD03265DD}.Release|Any CPU.ActiveCfg = Release|Any CPU
		{650F2DD8-0497-44CB-84C1-C3AAD03265DD}.Release|Any CPU.Build.0 = Release|Any CPU
		{5B296BD0-780F-4E8A-A7FF-379F437B925A}.Debug|Any CPU.ActiveCfg = Debug|Any CPU
		{5B296BD0-780F-4E8A-A7FF-379F437B925A}.Debug|Any CPU.Build.0 = Debug|Any CPU
		{5B296BD0-780F-4E8A-A7FF-379F437B925A}.Release|Any CPU.ActiveCfg = Release|Any CPU
		{5B296BD0-780F-4E8A-A7FF-379F437B925A}.Release|Any CPU.Build.0 = Release|Any CPU
	EndGlobalSection
	GlobalSection(SolutionProperties) = preSolution
		HideSolutionNode = FALSE
	EndGlobalSection
	GlobalSection(NestedProjects) = preSolution
		{650F2DD8-0497-44CB-84C1-C3AAD03265DD} = {3BA24449-D0C8-41A9-AF6D-89308D234C5E}
		{5B296BD0-780F-4E8A-A7FF-379F437B925A} = {3BA24449-D0C8-41A9-AF6D-89308D234C5E}
	EndGlobalSection
	GlobalSection(ExtensibilityGlobals) = postSolution
		SolutionGuid = {88B155AE-49A9-4E3A-8F55-CA687EF5E121}
	EndGlobalSection
EndGlobal
